
Microsoft Visual Studio Solution File, Format Version 12.00
# Visual Studio Version 17
VisualStudioVersion = 17.9.34728.123
MinimumVisualStudioVersion = 10.0.40219.1
Project("{9A19103F-16F7-4668-BE54-9A1E7A4F7556}") = "Repositories", "Repositories\Repositories.csproj", "{575AC699-CA6D-4A2E-8FE1-C87E8DB735CC}"
EndProject
Project("{9A19103F-16F7-4668-BE54-9A1E7A4F7556}") = "BookingBad.API", "BookingBad.API\BookingBad.API.csproj", "{105AEE7C-8BD0-4B75-8CD7-6CB4E7978E41}"
EndProject
Project("{9A19103F-16F7-4668-BE54-9A1E7A4F7556}") = "Services", "Services\Services.csproj", "{F8AF2604-550F-423B-A9E9-EE8E410E5F20}"
EndProject
Global
	GlobalSection(SolutionConfigurationPlatforms) = preSolution
		Debug|Any CPU = Debug|Any CPU
		Release|Any CPU = Release|Any CPU
	EndGlobalSection
	GlobalSection(ProjectConfigurationPlatforms) = postSolution
		{575AC699-CA6D-4A2E-8FE1-C87E8DB735CC}.Debug|Any CPU.ActiveCfg = Debug|Any CPU
		{575AC699-CA6D-4A2E-8FE1-C87E8DB735CC}.Debug|Any CPU.Build.0 = Debug|Any CPU
		{575AC699-CA6D-4A2E-8FE1-C87E8DB735CC}.Release|Any CPU.ActiveCfg = Release|Any CPU
		{575AC699-CA6D-4A2E-8FE1-C87E8DB735CC}.Release|Any CPU.Build.0 = Release|Any CPU
		{105AEE7C-8BD0-4B75-8CD7-6CB4E7978E41}.Debug|Any CPU.ActiveCfg = Debug|Any CPU
		{105AEE7C-8BD0-4B75-8CD7-6CB4E7978E41}.Debug|Any CPU.Build.0 = Debug|Any CPU
		{105AEE7C-8BD0-4B75-8CD7-6CB4E7978E41}.Release|Any CPU.ActiveCfg = Release|Any CPU
		{105AEE7C-8BD0-4B75-8CD7-6CB4E7978E41}.Release|Any CPU.Build.0 = Release|Any CPU
		{F8AF2604-550F-423B-A9E9-EE8E410E5F20}.Debug|Any CPU.ActiveCfg = Debug|Any CPU
		{F8AF2604-550F-423B-A9E9-EE8E410E5F20}.Debug|Any CPU.Build.0 = Debug|Any CPU
		{F8AF2604-550F-423B-A9E9-EE8E410E5F20}.Release|Any CPU.ActiveCfg = Release|Any CPU
		{F8AF2604-550F-423B-A9E9-EE8E410E5F20}.Release|Any CPU.Build.0 = Release|Any CPU
	EndGlobalSection
	GlobalSection(SolutionProperties) = preSolution
		HideSolutionNode = FALSE
	EndGlobalSection
	GlobalSection(ExtensibilityGlobals) = postSolution
		SolutionGuid = {1F80AA1F-72F5-431E-B1D0-91CCFDA7071E}
	EndGlobalSection
EndGlobal
